# This is a Gradle generated file for dependency locking.
# Manual edits can break the build and are not advised.
# This file is expected to be part of source control.
com.fasterxml.jackson.core:jackson-annotations:2.12.6=functionalTestCompileClasspath,functionalTestImplementationDependenciesMetadata,functionalTestRuntimeClasspath,testCompileClasspath,testImplementationDependenciesMetadata,testRuntimeClasspath
com.fasterxml.jackson.core:jackson-core:2.12.6=functionalTestCompileClasspath,functionalTestImplementationDependenciesMetadata,functionalTestRuntimeClasspath,testCompileClasspath,testImplementationDependenciesMetadata,testRuntimeClasspath
com.fasterxml.jackson.core:jackson-databind:2.12.6=functionalTestCompileClasspath,functionalTestImplementationDependenciesMetadata,functionalTestRuntimeClasspath,testCompileClasspath,testImplementationDependenciesMetadata,testRuntimeClasspath
com.fasterxml.jackson.datatype:jackson-datatype-guava:2.12.6=functionalTestCompileClasspath,functionalTestImplementationDependenciesMetadata,functionalTestRuntimeClasspath,testCompileClasspath,testImplementationDependenciesMetadata,testRuntimeClasspath
com.fasterxml.jackson.module:jackson-module-kotlin:2.12.6=functionalTestCompileClasspath,functionalTestImplementationDependenciesMetadata,functionalTestRuntimeClasspath,testCompileClasspath,testImplementationDependenciesMetadata,testRuntimeClasspath
com.fasterxml.jackson:jackson-bom:2.12.6=functionalTestCompileClasspath,functionalTestImplementationDependenciesMetadata,functionalTestRuntimeClasspath,testCompileClasspath,testImplementationDependenciesMetadata,testRuntimeClasspath
com.github.sya-ri:kgit:1.0.5=functionalTestCompileClasspath,functionalTestImplementationDependenciesMetadata,functionalTestRuntimeClasspath,testCompileClasspath,testImplementationDependenciesMetadata,testRuntimeClasspath
com.github.zafarkhaja:java-semver:0.9.0=testRuntimeClasspath
com.google.guava:guava:21.0=functionalTestCompileClasspath,functionalTestImplementationDependenciesMetadata,functionalTestRuntimeClasspath,testCompileClasspath,testImplementationDependenciesMetadata,testRuntimeClasspath
com.googlecode.javaewah:JavaEWAH:1.1.7=functionalTestCompileClasspath,functionalTestImplementationDependenciesMetadata,functionalTestRuntimeClasspath,testCompileClasspath,testImplementationDependenciesMetadata,testRuntimeClasspath
com.netflix.nebula:nebula-release-plugin:16.0.0=testCompileClasspath,testImplementationDependenciesMetadata,testRuntimeClasspath
com.willowtreeapps.assertk:assertk-jvm:0.23.1=functionalTestCompileClasspath,functionalTestImplementationDependenciesMetadata,functionalTestRuntimeClasspath,testCompileClasspath,testImplementationDependenciesMetadata,testRuntimeClasspath
com.willowtreeapps.assertk:assertk-metadata:0.23.1=functionalTestImplementationDependenciesMetadata,testImplementationDependenciesMetadata
com.willowtreeapps.opentest4k:opentest4k-jvm:1.2.1=functionalTestRuntimeClasspath,testRuntimeClasspath
com.willowtreeapps.opentest4k:opentest4k:1.2.1=functionalTestRuntimeClasspath,testRuntimeClasspath
nebula.release:nebula.release.gradle.plugin:16.0.0=testCompileClasspath,testImplementationDependenciesMetadata,testRuntimeClasspath
org.ajoberstar.grgit:grgit-core:4.0.2=testRuntimeClasspath
org.apiguardian:apiguardian-api:1.1.2=functionalTestCompileClasspath,functionalTestImplementationDependenciesMetadata,testCompileClasspath,testImplementationDependenciesMetadata
org.eclipse.jgit:org.eclipse.jgit:5.11.0.202103091610-r=functionalTestCompileClasspath,functionalTestImplementationDependenciesMetadata,functionalTestRuntimeClasspath,testCompileClasspath,testImplementationDependenciesMetadata,testRuntimeClasspath
org.jetbrains.intellij.deps:trove4j:1.0.20181211=kotlinCompilerClasspath,kotlinKlibCommonizerClasspath
org.jetbrains.kotlin:kotlin-bom:1.5.31=functionalTestCompileClasspath,functionalTestImplementationDependenciesMetadata,functionalTestRuntimeClasspath,testCompileClasspath,testImplementationDependenciesMetadata,testRuntimeClasspath
org.jetbrains.kotlin:kotlin-compiler-embeddable:1.5.31=kotlinCompilerClasspath,kotlinKlibCommonizerClasspath
org.jetbrains.kotlin:kotlin-daemon-embeddable:1.5.31=kotlinCompilerClasspath,kotlinKlibCommonizerClasspath
org.jetbrains.kotlin:kotlin-gradle-plugin-api:1.5.31=kotlinCompilerPluginClasspathFunctionalTest,kotlinCompilerPluginClasspathMain,kotlinCompilerPluginClasspathTest
org.jetbrains.kotlin:kotlin-gradle-plugin-model:1.5.31=kotlinCompilerPluginClasspathFunctionalTest,kotlinCompilerPluginClasspathMain,kotlinCompilerPluginClasspathTest
org.jetbrains.kotlin:kotlin-klib-commonizer-embeddable:1.5.31=kotlinKlibCommonizerClasspath
org.jetbrains.kotlin:kotlin-native-utils:1.5.31=kotlinCompilerPluginClasspathFunctionalTest,kotlinCompilerPluginClasspathMain,kotlinCompilerPluginClasspathTest
org.jetbrains.kotlin:kotlin-project-model:1.5.31=kotlinCompilerPluginClasspathFunctionalTest,kotlinCompilerPluginClasspathMain,kotlinCompilerPluginClasspathTest
org.jetbrains.kotlin:kotlin-reflect:1.5.31=compileClasspath,compileOnly,compileOnlyDependenciesMetadata,embeddedKotlin,functionalTestCompileClasspath,functionalTestImplementationDependenciesMetadata,functionalTestRuntimeClasspath,kotlinCompilerClasspath,kotlinKlibCommonizerClasspath,testCompileClasspath,testImplementationDependenciesMetadata,testRuntimeClasspath
org.jetbrains.kotlin:kotlin-sam-with-receiver:1.5.31=kotlinCompilerPluginClasspathFunctionalTest,kotlinCompilerPluginClasspathMain,kotlinCompilerPluginClasspathTest
org.jetbrains.kotlin:kotlin-script-runtime:1.5.31=kotlinCompilerClasspath,kotlinCompilerPluginClasspathFunctionalTest,kotlinCompilerPluginClasspathMain,kotlinCompilerPluginClasspathTest,kotlinKlibCommonizerClasspath
org.jetbrains.kotlin:kotlin-scripting-common:1.5.31=kotlinCompilerPluginClasspathFunctionalTest,kotlinCompilerPluginClasspathMain,kotlinCompilerPluginClasspathTest
org.jetbrains.kotlin:kotlin-scripting-compiler-embeddable:1.5.31=kotlinCompilerPluginClasspathFunctionalTest,kotlinCompilerPluginClasspathMain,kotlinCompilerPluginClasspathTest
org.jetbrains.kotlin:kotlin-scripting-compiler-impl-embeddable:1.5.31=kotlinCompilerPluginClasspathFunctionalTest,kotlinCompilerPluginClasspathMain,kotlinCompilerPluginClasspathTest
org.jetbrains.kotlin:kotlin-scripting-jvm:1.5.31=kotlinCompilerPluginClasspathFunctionalTest,kotlinCompilerPluginClasspathMain,kotlinCompilerPluginClasspathTest
org.jetbrains.kotlin:kotlin-stdlib-common:1.5.31=compileClasspath,compileOnly,compileOnlyDependenciesMetadata,embeddedKotlin,functionalTestApiDependenciesMetadata,functionalTestCompileClasspath,functionalTestImplementationDependenciesMetadata,functionalTestRuntimeClasspath,kotlinCompilerClasspath,kotlinCompilerPluginClasspathFunctionalTest,kotlinCompilerPluginClasspathMain,kotlinCompilerPluginClasspathTest,kotlinKlibCommonizerClasspath,testCompileClasspath,testImplementationDependenciesMetadata,testRuntimeClasspath
org.jetbrains.kotlin:kotlin-stdlib-jdk7:1.5.0=kotlinCompilerPluginClasspathFunctionalTest,kotlinCompilerPluginClasspathMain,kotlinCompilerPluginClasspathTest
org.jetbrains.kotlin:kotlin-stdlib-jdk7:1.5.31=compileClasspath,compileOnly,compileOnlyDependenciesMetadata,embeddedKotlin,functionalTestApiDependenciesMetadata,functionalTestCompileClasspath,functionalTestImplementationDependenciesMetadata,functionalTestRuntimeClasspath,testCompileClasspath,testImplementationDependenciesMetadata,testRuntimeClasspath
org.jetbrains.kotlin:kotlin-stdlib-jdk8:1.5.0=kotlinCompilerPluginClasspathFunctionalTest,kotlinCompilerPluginClasspathMain,kotlinCompilerPluginClasspathTest
org.jetbrains.kotlin:kotlin-stdlib-jdk8:1.5.31=compileClasspath,compileOnly,compileOnlyDependenciesMetadata,embeddedKotlin,functionalTestApiDependenciesMetadata,functionalTestCompileClasspath,functionalTestImplementationDependenciesMetadata,functionalTestRuntimeClasspath,testCompileClasspath,testImplementationDependenciesMetadata,testRuntimeClasspath
org.jetbrains.kotlin:kotlin-stdlib:1.5.31=compileClasspath,compileOnly,compileOnlyDependenciesMetadata,embeddedKotlin,functionalTestApiDependenciesMetadata,functionalTestCompileClasspath,functionalTestImplementationDependenciesMetadata,functionalTestRuntimeClasspath,kotlinCompilerClasspath,kotlinCompilerPluginClasspathFunctionalTest,kotlinCompilerPluginClasspathMain,kotlinCompilerPluginClasspathTest,kotlinKlibCommonizerClasspath,testCompileClasspath,testImplementationDependenciesMetadata,testRuntimeClasspath
org.jetbrains.kotlin:kotlin-util-io:1.5.31=kotlinCompilerPluginClasspathFunctionalTest,kotlinCompilerPluginClasspathMain,kotlinCompilerPluginClasspathTest
org.jetbrains.kotlinx:kotlinx-coroutines-core-jvm:1.5.0=kotlinCompilerPluginClasspathFunctionalTest,kotlinCompilerPluginClasspathMain,kotlinCompilerPluginClasspathTest
org.jetbrains.kotlinx:kotlinx-coroutines-core:1.5.0=kotlinCompilerPluginClasspathFunctionalTest,kotlinCompilerPluginClasspathMain,kotlinCompilerPluginClasspathTest
org.jetbrains:annotations:13.0=compileClasspath,compileOnly,compileOnlyDependenciesMetadata,embeddedKotlin,functionalTestApiDependenciesMetadata,functionalTestCompileClasspath,functionalTestImplementationDependenciesMetadata,functionalTestRuntimeClasspath,kotlinCompilerClasspath,kotlinCompilerPluginClasspathFunctionalTest,kotlinCompilerPluginClasspathMain,kotlinCompilerPluginClasspathTest,kotlinKlibCommonizerClasspath,testCompileClasspath,testImplementationDependenciesMetadata,testRuntimeClasspath
org.junit.jupiter:junit-jupiter-api:5.8.2=functionalTestCompileClasspath,functionalTestImplementationDependenciesMetadata,functionalTestRuntimeClasspath,testCompileClasspath,testImplementationDependenciesMetadata,testRuntimeClasspath
org.junit.jupiter:junit-jupiter-engine:5.8.2=functionalTestRuntimeClasspath,testRuntimeClasspath
org.junit.jupiter:junit-jupiter-params:5.8.2=functionalTestCompileClasspath,functionalTestImplementationDependenciesMetadata,functionalTestRuntimeClasspath,testCompileClasspath,testImplementationDependenciesMetadata,testRuntimeClasspath
org.junit.jupiter:junit-jupiter:5.8.2=functionalTestCompileClasspath,functionalTestImplementationDependenciesMetadata,functionalTestRuntimeClasspath,testCompileClasspath,testImplementationDependenciesMetadata,testRuntimeClasspath
org.junit.platform:junit-platform-commons:1.8.2=functionalTestCompileClasspath,functionalTestImplementationDependenciesMetadata,functionalTestRuntimeClasspath,testCompileClasspath,testImplementationDependenciesMetadata,testRuntimeClasspath
org.junit.platform:junit-platform-engine:1.8.2=functionalTestRuntimeClasspath,testRuntimeClasspath
org.junit:junit-bom:5.8.2=functionalTestCompileClasspath,functionalTestImplementationDependenciesMetadata,functionalTestRuntimeClasspath,testCompileClasspath,testImplementationDependenciesMetadata,testRuntimeClasspath
org.opentest4j:opentest4j:1.2.0=functionalTestCompileClasspath,functionalTestImplementationDependenciesMetadata,functionalTestRuntimeClasspath,testCompileClasspath,testImplementationDependenciesMetadata,testRuntimeClasspath
org.slf4j:slf4j-api:1.7.30=functionalTestCompileClasspath,functionalTestImplementationDependenciesMetadata,functionalTestRuntimeClasspath,testCompileClasspath,testImplementationDependenciesMetadata,testRuntimeClasspath
empty=annotationProcessor,apiDependenciesMetadata,functionalTestAnnotationProcessor,functionalTestCompileOnly,functionalTestCompileOnlyDependenciesMetadata,functionalTestIntransitiveDependenciesMetadata,functionalTestKotlinScriptDef,functionalTestKotlinScriptDefExtensions,functionalTestRuntimeOnlyDependenciesMetadata,implementationDependenciesMetadata,intransitiveDependenciesMetadata,kotlinCompilerPluginClasspath,kotlinNativeCompilerPluginClasspath,kotlinScriptDef,kotlinScriptDefExtensions,runtimeClasspath,runtimeOnlyDependenciesMetadata,testAnnotationProcessor,testApiDependenciesMetadata,testCompileOnly,testCompileOnlyDependenciesMetadata,testIntransitiveDependenciesMetadata,testKotlinScriptDef,testKotlinScriptDefExtensions,testRuntimeOnlyDependenciesMetadata
