# This is a Gradle generated file for dependency locking.
# Manual edits can break the build and are not advised.
# This file is expected to be part of source control.
com.fasterxml.jackson.core:jackson-annotations:2.13.4=functionalTestCompileClasspath,functionalTestRuntimeClasspath,testCompileClasspath,testRuntimeClasspath
com.fasterxml.jackson.core:jackson-core:2.13.4=functionalTestCompileClasspath,functionalTestRuntimeClasspath,testCompileClasspath,testRuntimeClasspath
com.fasterxml.jackson.core:jackson-databind:2.13.4=functionalTestCompileClasspath,functionalTestRuntimeClasspath,testCompileClasspath,testRuntimeClasspath
com.fasterxml.jackson.datatype:jackson-datatype-guava:2.13.4=functionalTestCompileClasspath,functionalTestRuntimeClasspath,testCompileClasspath,testRuntimeClasspath
com.fasterxml.jackson.module:jackson-module-kotlin:2.13.4=functionalTestCompileClasspath,functionalTestRuntimeClasspath,testCompileClasspath,testRuntimeClasspath
com.fasterxml.jackson:jackson-bom:2.13.4=functionalTestCompileClasspath,functionalTestRuntimeClasspath,testCompileClasspath,testRuntimeClasspath
com.github.sya-ri:kgit:1.0.5=functionalTestCompileClasspath,functionalTestRuntimeClasspath,testCompileClasspath,testRuntimeClasspath
com.github.zafarkhaja:java-semver:0.9.0=testRuntimeClasspath
com.google.guava:guava:21.0=functionalTestCompileClasspath,functionalTestRuntimeClasspath,testCompileClasspath,testRuntimeClasspath
com.googlecode.javaewah:JavaEWAH:1.1.12=testRuntimeClasspath
com.googlecode.javaewah:JavaEWAH:1.1.7=functionalTestCompileClasspath,functionalTestRuntimeClasspath,testCompileClasspath
com.netflix.nebula:nebula-release-plugin:17.1.0=testCompileClasspath,testRuntimeClasspath
com.willowtreeapps.assertk:assertk-jvm:0.23.1=functionalTestCompileClasspath,functionalTestRuntimeClasspath,testCompileClasspath,testRuntimeClasspath
com.willowtreeapps.opentest4k:opentest4k-jvm:1.2.1=functionalTestRuntimeClasspath,testRuntimeClasspath
com.willowtreeapps.opentest4k:opentest4k:1.2.1=functionalTestRuntimeClasspath,testRuntimeClasspath
nebula.release:nebula.release.gradle.plugin:17.1.0=testCompileClasspath,testRuntimeClasspath
net.java.dev.jna:jna:5.6.0=kotlinCompilerClasspath
org.ajoberstar.grgit:grgit-core:4.1.1=testRuntimeClasspath
org.apiguardian:apiguardian-api:1.1.2=functionalTestCompileClasspath,testCompileClasspath
org.eclipse.jgit:org.eclipse.jgit:5.11.0.202103091610-r=functionalTestCompileClasspath,functionalTestRuntimeClasspath,testCompileClasspath
org.eclipse.jgit:org.eclipse.jgit:5.13.0.202109080827-r=testRuntimeClasspath
org.jetbrains.intellij.deps:trove4j:1.0.20200330=kotlinCompilerClasspath
org.jetbrains.kotlin:kotlin-bom:1.6.21=functionalTestCompileClasspath,functionalTestRuntimeClasspath,testCompileClasspath,testRuntimeClasspath
org.jetbrains.kotlin:kotlin-compiler-embeddable:1.6.21=kotlinCompilerClasspath
org.jetbrains.kotlin:kotlin-daemon-embeddable:1.6.21=kotlinCompilerClasspath
org.jetbrains.kotlin:kotlin-gradle-plugin-api:1.6.21=kotlinCompilerPluginClasspathFunctionalTest,kotlinCompilerPluginClasspathMain,kotlinCompilerPluginClasspathTest
org.jetbrains.kotlin:kotlin-gradle-plugin-model:1.6.21=kotlinCompilerPluginClasspathFunctionalTest,kotlinCompilerPluginClasspathMain,kotlinCompilerPluginClasspathTest
org.jetbrains.kotlin:kotlin-native-utils:1.6.21=kotlinCompilerPluginClasspathFunctionalTest,kotlinCompilerPluginClasspathMain,kotlinCompilerPluginClasspathTest
org.jetbrains.kotlin:kotlin-project-model:1.6.21=kotlinCompilerPluginClasspathFunctionalTest,kotlinCompilerPluginClasspathMain,kotlinCompilerPluginClasspathTest
org.jetbrains.kotlin:kotlin-reflect:1.6.21=compileClasspath,functionalTestCompileClasspath,functionalTestRuntimeClasspath,kotlinCompilerClasspath,testCompileClasspath,testRuntimeClasspath
org.jetbrains.kotlin:kotlin-sam-with-receiver:1.6.21=kotlinCompilerPluginClasspathFunctionalTest,kotlinCompilerPluginClasspathMain,kotlinCompilerPluginClasspathTest
org.jetbrains.kotlin:kotlin-script-runtime:1.6.21=kotlinCompilerClasspath,kotlinCompilerPluginClasspathFunctionalTest,kotlinCompilerPluginClasspathMain,kotlinCompilerPluginClasspathTest
org.jetbrains.kotlin:kotlin-scripting-common:1.6.21=kotlinCompilerPluginClasspathFunctionalTest,kotlinCompilerPluginClasspathMain,kotlinCompilerPluginClasspathTest
org.jetbrains.kotlin:kotlin-scripting-compiler-embeddable:1.6.21=kotlinCompilerPluginClasspathFunctionalTest,kotlinCompilerPluginClasspathMain,kotlinCompilerPluginClasspathTest
org.jetbrains.kotlin:kotlin-scripting-compiler-impl-embeddable:1.6.21=kotlinCompilerPluginClasspathFunctionalTest,kotlinCompilerPluginClasspathMain,kotlinCompilerPluginClasspathTest
org.jetbrains.kotlin:kotlin-scripting-jvm:1.6.21=kotlinCompilerPluginClasspathFunctionalTest,kotlinCompilerPluginClasspathMain,kotlinCompilerPluginClasspathTest
org.jetbrains.kotlin:kotlin-stdlib-common:1.6.21=compileClasspath,functionalTestCompileClasspath,functionalTestRuntimeClasspath,kotlinCompilerClasspath,kotlinCompilerPluginClasspathFunctionalTest,kotlinCompilerPluginClasspathMain,kotlinCompilerPluginClasspathTest,testCompileClasspath,testRuntimeClasspath
org.jetbrains.kotlin:kotlin-stdlib-jdk7:1.6.21=compileClasspath,functionalTestCompileClasspath,functionalTestRuntimeClasspath,testCompileClasspath,testRuntimeClasspath
org.jetbrains.kotlin:kotlin-stdlib-jdk8:1.6.21=compileClasspath,functionalTestCompileClasspath,functionalTestRuntimeClasspath,testCompileClasspath,testRuntimeClasspath
org.jetbrains.kotlin:kotlin-stdlib:1.6.21=compileClasspath,functionalTestCompileClasspath,functionalTestRuntimeClasspath,kotlinCompilerClasspath,kotlinCompilerPluginClasspathFunctionalTest,kotlinCompilerPluginClasspathMain,kotlinCompilerPluginClasspathTest,testCompileClasspath,testRuntimeClasspath
org.jetbrains.kotlin:kotlin-util-io:1.6.21=kotlinCompilerPluginClasspathFunctionalTest,kotlinCompilerPluginClasspathMain,kotlinCompilerPluginClasspathTest
org.jetbrains:annotations:13.0=compileClasspath,functionalTestCompileClasspath,functionalTestRuntimeClasspath,kotlinCompilerClasspath,kotlinCompilerPluginClasspathFunctionalTest,kotlinCompilerPluginClasspathMain,kotlinCompilerPluginClasspathTest,testCompileClasspath,testRuntimeClasspath
org.junit.jupiter:junit-jupiter-api:5.9.1=functionalTestCompileClasspath,functionalTestRuntimeClasspath,testCompileClasspath,testRuntimeClasspath
org.junit.jupiter:junit-jupiter-engine:5.9.1=functionalTestRuntimeClasspath,testRuntimeClasspath
org.junit.jupiter:junit-jupiter-params:5.9.1=functionalTestCompileClasspath,functionalTestRuntimeClasspath,testCompileClasspath,testRuntimeClasspath
org.junit.jupiter:junit-jupiter:5.9.1=functionalTestCompileClasspath,functionalTestRuntimeClasspath,testCompileClasspath,testRuntimeClasspath
org.junit.platform:junit-platform-commons:1.9.1=functionalTestCompileClasspath,functionalTestRuntimeClasspath,testCompileClasspath,testRuntimeClasspath
org.junit.platform:junit-platform-engine:1.9.1=functionalTestRuntimeClasspath,testRuntimeClasspath
org.junit:junit-bom:5.9.1=functionalTestCompileClasspath,functionalTestRuntimeClasspath,testCompileClasspath,testRuntimeClasspath
org.opentest4j:opentest4j:1.2.0=functionalTestCompileClasspath,functionalTestRuntimeClasspath,testCompileClasspath,testRuntimeClasspath
org.slf4j:slf4j-api:1.7.30=functionalTestCompileClasspath,functionalTestRuntimeClasspath,testCompileClasspath,testRuntimeClasspath
empty=runtimeClasspath
